// !$*UTF8*$!
{
	archiveVersion = 1;
	classes = {
	};
	objectVersion = 77;
	objects = {

/* Begin PBXBuildFile section */
		A142BD022FD040840000D46F /* AIAEC in Frameworks */ = {isa = PBXBuildFile; productRef = A142BD012FD040840000D46F /* AIAEC */; };
		A142BD042FD040840000D46F /* AIAECLL in Frameworks */ = {isa = PBXBuildFile; productRef = A142BD032FD040840000D46F /* AIAECLL */; };
		A142BD062FD040840000D46F /* AINS in Frameworks */ = {isa = PBXBuildFile; productRef = A142BD052FD040840000D46F /* AINS */; };
		A142BD082FD040840000D46F /* AINSLL in Frameworks */ = {isa = PBXBuildFile; productRef = A142BD072FD040840000D46F /* AINSLL */; };
		A142BD0A2FD040840000D46F /* AudioBeauty in Frameworks */ = {isa = PBXBuildFile; productRef = A142BD092FD040840000D46F /* AudioBeauty */; };
		A142BD0C2FD040840000D46F /* ClearVision in Frameworks */ = {isa = PBXBuildFile; productRef = A142BD0B2FD040840000D46F /* ClearVision */; };
		A142BD0E2FD040840000D46F /* ContentInspect in Frameworks */ = {isa = PBXBuildFile; productRef = A142BD0D2FD040840000D46F /* ContentInspect */; };
		A142BD102FD040840000D46F /* FaceCapture in Frameworks */ = {isa = PBXBuildFile; productRef = A142BD0F2FD040840000D46F /* FaceCapture */; };
		A142BD122FD040840000D46F /* FaceDetection in Frameworks */ = {isa = PBXBuildFile; productRef = A142BD112FD040840000D46F /* FaceDetection */; };
		A142BD142FD040840000D46F /* LipSync in Frameworks */ = {isa = PBXBuildFile; productRef = A142BD132FD040840000D46F /* LipSync */; };
		A142BD162FD040840000D46F /* ReplayKit in Frameworks */ = {isa = PBXBuildFile; productRef = A142BD152FD040840000D46F /* ReplayKit */; };
		A142BD182FD040840000D46F /* RtcBasic in Frameworks */ = {isa = PBXBuildFile; productRef = A142BD172FD040840000D46F /* RtcBasic */; };
		A142BD1A2FD040840000D46F /* SpatialAudio in Frameworks */ = {isa = PBXBuildFile; productRef = A142BD192FD040840000D46F /* SpatialAudio */; };
		A142BD1C2FD040840000D46F /* VQA in Frameworks */ = {isa = PBXBuildFile; productRef = A142BD1B2FD040840000D46F /* VQA */; };
		A142BD1E2FD040840000D46F /* VideoAv1CodecEnc in Frameworks */ = {isa = PBXBuildFile; productRef = A142BD1D2FD040840000D46F /* VideoAv1CodecEnc */; };
		A142BD202FD040840000D46F /* VideoCodecEnc in Frameworks */ = {isa = PBXBuildFile; productRef = A142BD1F2FD040840000D46F /* VideoCodecEnc */; };
		A142BD222FD040840000D46F /* VirtualBackground in Frameworks */ = {isa = PBXBuildFile; productRef = A142BD212FD040840000D46F /* VirtualBackground */; };
		EE0001002FD040840000D46F /* NotificationService.appex in Embed Foundation Extensions */ = {isa = PBXBuildFile; fileRef = EE0002002FD040840000D46F /* NotificationService.appex */; settings = {ATTRIBUTES = (RemoveHeadersOnCopy, ); }; };
/* End PBXBuildFile section */

/* Begin PBXContainerItemProxy section */
		EE0010002FD040840000D46F /* PBXContainerItemProxy */ = {
			isa = PBXContainerItemProxy;
			containerPortal = 219E09052FBD7FC000118AB9 /* Project object */;
			proxyType = 1;
			remoteGlobalIDString = EE0007002FD040840000D46F;
			remoteInfo = NotificationService;
		};
/* End PBXContainerItemProxy section */

/* Begin PBXCopyFilesBuildPhase section */
		EE0005002FD040840000D46F /* Embed Foundation Extensions */ = {
			isa = PBXCopyFilesBuildPhase;
			buildActionMask = 2147483647;
			dstPath = "";
			dstSubfolderSpec = 13;
			files = (
				EE0001002FD040840000D46F /* NotificationService.appex in Embed Foundation Extensions */,
			);
			name = "Embed Foundation Extensions";
			runOnlyForDeploymentPostprocessing = 0;
		};
/* End PBXCopyFilesBuildPhase section */

/* Begin PBXFileReference section */
		219E090D2FBD7FC000118AB9 /* HearH.app */ = {isa = PBXFileReference; explicitFileType = wrapper.application; includeInIndex = 0; path = HearH.app; sourceTree = BUILT_PRODUCTS_DIR; };
		EE0002002FD040840000D46F /* NotificationService.appex */ = {isa = PBXFileReference; explicitFileType = "wrapper.app-extension"; includeInIndex = 0; path = NotificationService.appex; sourceTree = BUILT_PRODUCTS_DIR; };
/* End PBXFileReference section */

/* Begin PBXFileSystemSynchronizedBuildFileExceptionSet section */
		A142BD2D2FD05D860000D46F /* Exceptions for "safeOne" folder in "HearH" target */ = {
			isa = PBXFileSystemSynchronizedBuildFileExceptionSet;
			membershipExceptions = (
				Info.plist,
			);
			target = 219E090C2FBD7FC000118AB9 /* HearH */;
		};
		EE0004002FD040840000D46F /* Exceptions for "NotificationService" folder in "NotificationService" target */ = {
			isa = PBXFileSystemSynchronizedBuildFileExceptionSet;
			membershipExceptions = (
				Info.plist,
			);
			target = EE0007002FD040840000D46F /* NotificationService */;
		};
/* End PBXFileSystemSynchronizedBuildFileExceptionSet section */

/* Begin PBXFileSystemSynchronizedRootGroup section */
		219E090F2FBD7FC000118AB9 /* safeOne */ = {
			isa = PBXFileSystemSynchronizedRootGroup;
			exceptions = (
				A142BD2D2FD05D860000D46F /* Exceptions for "safeOne" folder in "HearH" target */,
			);
			path = safeOne;
			sourceTree = "<group>";
		};
		EE0003002FD040840000D46F /* NotificationService */ = {
			isa = PBXFileSystemSynchronizedRootGroup;
			exceptions = (
				EE0004002FD040840000D46F /* Exceptions for "NotificationService" folder in "NotificationService" target */,
			);
			path = NotificationService;
			sourceTree = "<group>";
		};
/* End PBXFileSystemSynchronizedRootGroup section */

/* Begin PBXFrameworksBuildPhase section */
		219E090A2FBD7FC000118AB9 /* Frameworks */ = {
			isa = PBXFrameworksBuildPhase;
			buildActionMask = 2147483647;
			files = (
				A142BD162FD040840000D46F /* ReplayKit in Frameworks */,
				A142BD0C2FD040840000D46F /* ClearVision in Frameworks */,
				A142BD042FD040840000D46F /* AIAECLL in Frameworks */,
				A142BD1A2FD040840000D46F /* SpatialAudio in Frameworks */,
				A142BD0E2FD040840000D46F /* ContentInspect in Frameworks */,
				A142BD1C2FD040840000D46F /* VQA in Frameworks */,
				A142BD122FD040840000D46F /* FaceDetection in Frameworks */,
				A142BD222FD040840000D46F /* VirtualBackground in Frameworks */,
				A142BD1E2FD040840000D46F /* VideoAv1CodecEnc in Frameworks */,
				A142BD202FD040840000D46F /* VideoCodecEnc in Frameworks */,
				A142BD082FD040840000D46F /* AINSLL in Frameworks */,
				A142BD022FD040840000D46F /* AIAEC in Frameworks */,
				A142BD0A2FD040840000D46F /* AudioBeauty in Frameworks */,
				A142BD142FD040840000D46F /* LipSync in Frameworks */,
				A142BD102FD040840000D46F /* FaceCapture in Frameworks */,
				A142BD062FD040840000D46F /* AINS in Frameworks */,
				A142BD182FD040840000D46F /* RtcBasic in Frameworks */,
			);
			runOnlyForDeploymentPostprocessing = 0;
		};
		EE0006002FD040840000D46F /* Frameworks */ = {
			isa = PBXFrameworksBuildPhase;
			buildActionMask = 2147483647;
			files = (
			);
			runOnlyForDeploymentPostprocessing = 0;
		};
/* End PBXFrameworksBuildPhase section */

/* Begin PBXGroup section */
		219E09042FBD7FC000118AB9 = {
			isa = PBXGroup;
			children = (
				219E090F2FBD7FC000118AB9 /* safeOne */,
				EE0003002FD040840000D46F /* NotificationService */,
				219E090E2FBD7FC000118AB9 /* Products */,
			);
			sourceTree = "<group>";
		};
		219E090E2FBD7FC000118AB9 /* Products */ = {
			isa = PBXGroup;
			children = (
				219E090D2FBD7FC000118AB9 /* HearH.app */,
				EE0002002FD040840000D46F /* NotificationService.appex */,
			);
			name = Products;
			sourceTree = "<group>";
		};
/* End PBXGroup section */

/* Begin PBXNativeTarget section */
		219E090C2FBD7FC000118AB9 /* HearH */ = {
			isa = PBXNativeTarget;
			buildConfigurationList = 219E09182FBD7FC100118AB9 /* Build configuration list for PBXNativeTarget "HearH" */;
			buildPhases = (
				219E09092FBD7FC000118AB9 /* Sources */,
				219E090A2FBD7FC000118AB9 /* Frameworks */,
				219E090B2FBD7FC000118AB9 /* Resources */,
				EE0005002FD040840000D46F /* Embed Foundation Extensions */,
			);
			buildRules = (
			);
			dependencies = (
				EE0011002FD040840000D46F /* PBXTargetDependency */,
			);
			fileSystemSynchronizedGroups = (
				219E090F2FBD7FC000118AB9 /* safeOne */,
			);
			name = HearH;
			packageProductDependencies = (
				A142BD012FD040840000D46F /* AIAEC */,
				A142BD032FD040840000D46F /* AIAECLL */,
				A142BD052FD040840000D46F /* AINS */,
				A142BD072FD040840000D46F /* AINSLL */,
				A142BD092FD040840000D46F /* AudioBeauty */,
				A142BD0B2FD040840000D46F /* ClearVision */,
				A142BD0D2FD040840000D46F /* ContentInspect */,
				A142BD0F2FD040840000D46F /* FaceCapture */,
				A142BD112FD040840000D46F /* FaceDetection */,
				A142BD132FD040840000D46F /* LipSync */,
				A142BD152FD040840000D46F /* ReplayKit */,
				A142BD172FD040840000D46F /* RtcBasic */,
				A142BD192FD040840000D46F /* SpatialAudio */,
				A142BD1B2FD040840000D46F /* VQA */,
				A142BD1D2FD040840000D46F /* VideoAv1CodecEnc */,
				A142BD1F2FD040840000D46F /* VideoCodecEnc */,
				A142BD212FD040840000D46F /* VirtualBackground */,
			);
			productName = safeOne;
			productReference = 219E090D2FBD7FC000118AB9 /* HearH.app */;
			productType = "com.apple.product-type.application";
		};
		EE0007002FD040840000D46F /* NotificationService */ = {
			isa = PBXNativeTarget;
			buildConfigurationList = EE0014002FD040840000D46F /* Build configuration list for PBXNativeTarget "NotificationService" */;
			buildPhases = (
				EE0009002FD040840000D46F /* Sources */,
				EE0006002FD040840000D46F /* Frameworks */,
				EE0008002FD040840000D46F /* Resources */,
			);
			buildRules = (
			);
			dependencies = (
			);
			fileSystemSynchronizedGroups = (
				EE0003002FD040840000D46F /* NotificationService */,
			);
			name = NotificationService;
			productName = NotificationService;
			productReference = EE0002002FD040840000D46F /* NotificationService.appex */;
			productType = "com.apple.product-type.app-extension";
		};
/* End PBXNativeTarget section */

/* Begin PBXProject section */
		219E09052FBD7FC000118AB9 /* Project object */ = {
			isa = PBXProject;
			attributes = {
				BuildIndependentTargetsInParallel = 1;
				LastSwiftUpdateCheck = 2650;
				LastUpgradeCheck = 2650;
				TargetAttributes = {
					219E090C2FBD7FC000118AB9 = {
						CreatedOnToolsVersion = 26.5;
					};
					EE0007002FD040840000D46F = {
						CreatedOnToolsVersion = 26.5;
					};
				};
			};
			buildConfigurationList = 219E09082FBD7FC000118AB9 /* Build configuration list for PBXProject "safeOne" */;
			developmentRegion = en;
			hasScannedForEncodings = 0;
			knownRegions = (
				en,
				Base,
			);
			mainGroup = 219E09042FBD7FC000118AB9;
			minimizedProjectReferenceProxies = 1;
			packageReferences = (
				A142BD002FD040840000D46F /* XCRemoteSwiftPackageReference "AgoraRtcEngine_iOS" */,
			);
			preferredProjectObjectVersion = 77;
			productRefGroup = 219E090E2FBD7FC000118AB9 /* Products */;
			projectDirPath = "";
			projectRoot = "";
			targets = (
				219E090C2FBD7FC000118AB9 /* HearH */,
				EE0007002FD040840000D46F /* NotificationService */,
			);
		};
/* End PBXProject section */

/* Begin PBXResourcesBuildPhase section */
		219E090B2FBD7FC000118AB9 /* Resources */ = {
			isa = PBXResourcesBuildPhase;
			buildActionMask = 2147483647;
			files = (
			);
			runOnlyForDeploymentPostprocessing = 0;
		};
		EE0008002FD040840000D46F /* Resources */ = {
			isa = PBXResourcesBuildPhase;
			buildActionMask = 2147483647;
			files = (
			);
			runOnlyForDeploymentPostprocessing = 0;
		};
/* End PBXResourcesBuildPhase section */

/* Begin PBXSourcesBuildPhase section */
		219E09092FBD7FC000118AB9 /* Sources */ = {
			isa = PBXSourcesBuildPhase;
			buildActionMask = 2147483647;
			files = (
			);
			runOnlyForDeploymentPostprocessing = 0;
		};
		EE0009002FD040840000D46F /* Sources */ = {
			isa = PBXSourcesBuildPhase;
			buildActionMask = 2147483647;
			files = (
			);
			runOnlyForDeploymentPostprocessing = 0;
		};
/* End PBXSourcesBuildPhase section */

/* Begin PBXTargetDependency section */
		EE0011002FD040840000D46F /* PBXTargetDependency */ = {
			isa = PBXTargetDependency;
			target = EE0007002FD040840000D46F /* NotificationService */;
			targetProxy = EE0010002FD040840000D46F /* PBXContainerItemProxy */;
		};
/* End PBXTargetDependency section */

/* Begin XCBuildConfiguration section */
		219E09162FBD7FC100118AB9 /* Debug */ = {
			isa = XCBuildConfiguration;
			buildSettings = {
				ALWAYS_SEARCH_USER_PATHS = NO;
				ASSETCATALOG_COMPILER_GENERATE_SWIFT_ASSET_SYMBOL_EXTENSIONS = YES;
				CLANG_ANALYZER_NONNULL = YES;
				CLANG_ANALYZER_NUMBER_OBJECT_CONVERSION = YES_AGGRESSIVE;
				CLANG_CXX_LANGUAGE_STANDARD = "gnu++20";
				CLANG_ENABLE_MODULES = YES;
				CLANG_ENABLE_OBJC_ARC = YES;
				CLANG_ENABLE_OBJC_WEAK = YES;
				CLANG_WARN_BLOCK_CAPTURE_AUTORELEASING = YES;
				CLANG_WARN_BOOL_CONVERSION = YES;
				CLANG_WARN_COMMA = YES;
				CLANG_WARN_CONSTANT_CONVERSION = YES;
				CLANG_WARN_DEPRECATED_OBJC_IMPLEMENTATIONS = YES;
				CLANG_WARN_DIRECT_OBJC_ISA_USAGE = YES_ERROR;
				CLANG_WARN_DOCUMENTATION_COMMENTS = YES;
				CLANG_WARN_EMPTY_BODY = YES;
				CLANG_WARN_ENUM_CONVERSION = YES;
				CLANG_WARN_INFINITE_RECURSION = YES;
				CLANG_WARN_INT_CONVERSION = YES;
				CLANG_WARN_NON_LITERAL_NULL_CONVERSION = YES;
				CLANG_WARN_OBJC_IMPLICIT_RETAIN_SELF = YES;
				CLANG_WARN_OBJC_LITERAL_CONVERSION = YES;
				CLANG_WARN_OBJC_ROOT_CLASS = YES_ERROR;
				CLANG_WARN_QUOTED_INCLUDE_IN_FRAMEWORK_HEADER = YES;
				CLANG_WARN_RANGE_LOOP_ANALYSIS = YES;
				CLANG_WARN_STRICT_PROTOTYPES = YES;
				CLANG_WARN_SUSPICIOUS_MOVE = YES;
				CLANG_WARN_UNGUARDED_AVAILABILITY = YES_AGGRESSIVE;
				CLANG_WARN_UNREACHABLE_CODE = YES;
				CLANG_WARN__DUPLICATE_METHOD_MATCH = YES;
				COPY_PHASE_STRIP = NO;
				DEBUG_INFORMATION_FORMAT = dwarf;
				DEVELOPMENT_TEAM = NTPW7765ND;
				ENABLE_STRICT_OBJC_MSGSEND = YES;
				ENABLE_TESTABILITY = YES;
				ENABLE_USER_SCRIPT_SANDBOXING = YES;
				GCC_C_LANGUAGE_STANDARD = gnu17;
				GCC_DYNAMIC_NO_PIC = NO;
				GCC_NO_COMMON_BLOCKS = YES;
				GCC_OPTIMIZATION_LEVEL = 0;
				GCC_PREPROCESSOR_DEFINITIONS = (
					"DEBUG=1",
					"$(inherited)",
				);
				GCC_WARN_64_TO_32_BIT_CONVERSION = YES;
				GCC_WARN_ABOUT_RETURN_TYPE = YES_ERROR;
				GCC_WARN_UNDECLARED_SELECTOR = YES;
				GCC_WARN_UNINITIALIZED_AUTOS = YES_AGGRESSIVE;
				GCC_WARN_UNUSED_FUNCTION = YES;
				GCC_WARN_UNUSED_VARIABLE = YES;
				IPHONEOS_DEPLOYMENT_TARGET = 26.5;
				LOCALIZATION_PREFERS_STRING_CATALOGS = YES;
				MTL_ENABLE_DEBUG_INFO = INCLUDE_SOURCE;
				MTL_FAST_MATH = YES;
				ONLY_ACTIVE_ARCH = YES;
				SDKROOT = iphoneos;
				SWIFT_ACTIVE_COMPILATION_CONDITIONS = "DEBUG $(inherited)";
				SWIFT_OPTIMIZATION_LEVEL = "-Onone";
			};
			name = Debug;
		};
		219E09172FBD7FC100118AB9 /* Release */ = {
			isa = XCBuildConfiguration;
			buildSettings = {
				ALWAYS_SEARCH_USER_PATHS = NO;
				ASSETCATALOG_COMPILER_GENERATE_SWIFT_ASSET_SYMBOL_EXTENSIONS = YES;
				CLANG_ANALYZER_NONNULL = YES;
				CLANG_ANALYZER_NUMBER_OBJECT_CONVERSION = YES_AGGRESSIVE;
				CLANG_CXX_LANGUAGE_STANDARD = "gnu++20";
				CLANG_ENABLE_MODULES = YES;
				CLANG_ENABLE_OBJC_ARC = YES;
				CLANG_ENABLE_OBJC_WEAK = YES;
				CLANG_WARN_BLOCK_CAPTURE_AUTORELEASING = YES;
				CLANG_WARN_BOOL_CONVERSION = YES;
				CLANG_WARN_COMMA = YES;
				CLANG_WARN_CONSTANT_CONVERSION = YES;
				CLANG_WARN_DEPRECATED_OBJC_IMPLEMENTATIONS = YES;
				CLANG_WARN_DIRECT_OBJC_ISA_USAGE = YES_ERROR;
				CLANG_WARN_DOCUMENTATION_COMMENTS = YES;
				CLANG_WARN_EMPTY_BODY = YES;
				CLANG_WARN_ENUM_CONVERSION = YES;
				CLANG_WARN_INFINITE_RECURSION = YES;
				CLANG_WARN_INT_CONVERSION = YES;
				CLANG_WARN_NON_LITERAL_NULL_CONVERSION = YES;
				CLANG_WARN_OBJC_IMPLICIT_RETAIN_SELF = YES;
				CLANG_WARN_OBJC_LITERAL_CONVERSION = YES;
				CLANG_WARN_OBJC_ROOT_CLASS = YES_ERROR;
				CLANG_WARN_QUOTED_INCLUDE_IN_FRAMEWORK_HEADER = YES;
				CLANG_WARN_RANGE_LOOP_ANALYSIS = YES;
				CLANG_WARN_STRICT_PROTOTYPES = YES;
				CLANG_WARN_SUSPICIOUS_MOVE = YES;
				CLANG_WARN_UNGUARDED_AVAILABILITY = YES_AGGRESSIVE;
				CLANG_WARN_UNREACHABLE_CODE = YES;
				CLANG_WARN__DUPLICATE_METHOD_MATCH = YES;
				COPY_PHASE_STRIP = NO;
				DEBUG_INFORMATION_FORMAT = "dwarf-with-dsym";
				DEVELOPMENT_TEAM = NTPW7765ND;
				ENABLE_NS_ASSERTIONS = NO;
				ENABLE_STRICT_OBJC_MSGSEND = YES;
				ENABLE_USER_SCRIPT_SANDBOXING = YES;
				GCC_C_LANGUAGE_STANDARD = gnu17;
				GCC_NO_COMMON_BLOCKS = YES;
				GCC_WARN_64_TO_32_BIT_CONVERSION = YES;
				GCC_WARN_ABOUT_RETURN_TYPE = YES_ERROR;
				GCC_WARN_UNDECLARED_SELECTOR = YES;
				GCC_WARN_UNINITIALIZED_AUTOS = YES_AGGRESSIVE;
				GCC_WARN_UNUSED_FUNCTION = YES;
				GCC_WARN_UNUSED_VARIABLE = YES;
				IPHONEOS_DEPLOYMENT_TARGET = 26.5;
				LOCALIZATION_PREFERS_STRING_CATALOGS = YES;
				MTL_ENABLE_DEBUG_INFO = NO;
				MTL_FAST_MATH = YES;
				SDKROOT = iphoneos;
				SWIFT_COMPILATION_MODE = wholemodule;
				VALIDATE_PRODUCT = YES;
			};
			name = Release;
		};
		219E09192FBD7FC100118AB9 /* Debug */ = {
			isa = XCBuildConfiguration;
			buildSettings = {
				ASSETCATALOG_COMPILER_APPICON_NAME = AppIcon;
				ASSETCATALOG_COMPILER_GLOBAL_ACCENT_COLOR_NAME = AccentColor;
				CODE_SIGN_ENTITLEMENTS = safeOne/safeOne.entitlements;
				CODE_SIGN_STYLE = Automatic;
				CURRENT_PROJECT_VERSION = 1;
				DEVELOPMENT_TEAM = V7RKC8F8WN;
				ENABLE_PREVIEWS = YES;
				GENERATE_INFOPLIST_FILE = YES;
				INFOPLIST_FILE = safeOne/Info.plist;
				INFOPLIST_KEY_CFBundleDisplayName = HearH;
				INFOPLIST_KEY_LSApplicationCategoryType = "";
				INFOPLIST_KEY_NSCameraUsageDescription = "Need to use";
				INFOPLIST_KEY_NSMicrophoneUsageDescription = "";
				INFOPLIST_KEY_UIApplicationSceneManifest_Generation = YES;
				INFOPLIST_KEY_UIApplicationSupportsIndirectInputEvents = YES;
				INFOPLIST_KEY_UILaunchScreen_Generation = YES;
				INFOPLIST_KEY_UISupportedInterfaceOrientations_iPad = "UIInterfaceOrientationPortrait UIInterfaceOrientationPortraitUpsideDown UIInterfaceOrientationLandscapeLeft UIInterfaceOrientationLandscapeRight";
				INFOPLIST_KEY_UISupportedInterfaceOrientations_iPhone = "UIInterfaceOrientationPortrait UIInterfaceOrientationLandscapeLeft UIInterfaceOrientationLandscapeRight";
				LD_RUNPATH_SEARCH_PATHS = (
					"$(inherited)",
					"@executable_path/Frameworks",
				);
				MARKETING_VERSION = 1.0;
				PRODUCT_BUNDLE_IDENTIFIER = com.Aulia.safeOne;
				PRODUCT_NAME = HearH;
				STRING_CATALOG_GENERATE_SYMBOLS = YES;
				SWIFT_APPROACHABLE_CONCURRENCY = YES;
				SWIFT_DEFAULT_ACTOR_ISOLATION = MainActor;
				SWIFT_EMIT_LOC_STRINGS = YES;
				SWIFT_UPCOMING_FEATURE_MEMBER_IMPORT_VISIBILITY = YES;
				SWIFT_VERSION = 5.0;
				TARGETED_DEVICE_FAMILY = "1,2";
			};
			name = Debug;
		};
		219E091A2FBD7FC100118AB9 /* Release */ = {
			isa = XCBuildConfiguration;
			buildSettings = {
				ASSETCATALOG_COMPILER_APPICON_NAME = AppIcon;
				ASSETCATALOG_COMPILER_GLOBAL_ACCENT_COLOR_NAME = AccentColor;
				CODE_SIGN_ENTITLEMENTS = safeOne/safeOne.entitlements;
				CODE_SIGN_STYLE = Automatic;
				CURRENT_PROJECT_VERSION = 1;
				DEVELOPMENT_TEAM = V7RKC8F8WN;
				ENABLE_PREVIEWS = YES;
				GENERATE_INFOPLIST_FILE = YES;
				INFOPLIST_FILE = safeOne/Info.plist;
				INFOPLIST_KEY_CFBundleDisplayName = HearH;
				INFOPLIST_KEY_LSApplicationCategoryType = "";
				INFOPLIST_KEY_NSCameraUsageDescription = "Need to use";
				INFOPLIST_KEY_NSMicrophoneUsageDescription = "";
				INFOPLIST_KEY_UIApplicationSceneManifest_Generation = YES;
				INFOPLIST_KEY_UIApplicationSupportsIndirectInputEvents = YES;
				INFOPLIST_KEY_UILaunchScreen_Generation = YES;
				INFOPLIST_KEY_UISupportedInterfaceOrientations_iPad = "UIInterfaceOrientationPortrait UIInterfaceOrientationPortraitUpsideDown UIInterfaceOrientationLandscapeLeft UIInterfaceOrientationLandscapeRight";
				INFOPLIST_KEY_UISupportedInterfaceOrientations_iPhone = "UIInterfaceOrientationPortrait UIInterfaceOrientationLandscapeLeft UIInterfaceOrientationLandscapeRight";
				LD_RUNPATH_SEARCH_PATHS = (
					"$(inherited)",
					"@executable_path/Frameworks",
				);
				MARKETING_VERSION = 1.0;
				PRODUCT_BUNDLE_IDENTIFIER = com.Aulia.safeOne;
				PRODUCT_NAME = HearH;
				STRING_CATALOG_GENERATE_SYMBOLS = YES;
				SWIFT_APPROACHABLE_CONCURRENCY = YES;
				SWIFT_DEFAULT_ACTOR_ISOLATION = MainActor;
				SWIFT_EMIT_LOC_STRINGS = YES;
				SWIFT_UPCOMING_FEATURE_MEMBER_IMPORT_VISIBILITY = YES;
				SWIFT_VERSION = 5.0;
				TARGETED_DEVICE_FAMILY = "1,2";
			};
			name = Release;
		};
		EE0012002FD040840000D46F /* Debug */ = {
			isa = XCBuildConfiguration;
			buildSettings = {
				CODE_SIGN_STYLE = Automatic;
				CURRENT_PROJECT_VERSION = 1;
				DEVELOPMENT_TEAM = V7RKC8F8WN;
				GENERATE_INFOPLIST_FILE = YES;
				INFOPLIST_FILE = NotificationService/Info.plist;
				LD_RUNPATH_SEARCH_PATHS = (
					"$(inherited)",
					"@executable_path/../../Frameworks",
					"@executable_path/Frameworks",
				);
				MARKETING_VERSION = 1.0;
				PRODUCT_BUNDLE_IDENTIFIER = com.Aulia.safeOne.NotificationService;
				PRODUCT_NAME = "$(TARGET_NAME)";
				SKIP_INSTALL = YES;
				SWIFT_EMIT_LOC_STRINGS = YES;
				SWIFT_VERSION = 5.0;
				TARGETED_DEVICE_FAMILY = "1,2";
			};
			name = Debug;
		};
		EE0013002FD040840000D46F /* Release */ = {
			isa = XCBuildConfiguration;
			buildSettings = {
				CODE_SIGN_STYLE = Automatic;
				CURRENT_PROJECT_VERSION = 1;
				DEVELOPMENT_TEAM = V7RKC8F8WN;
				GENERATE_INFOPLIST_FILE = YES;
				INFOPLIST_FILE = NotificationService/Info.plist;
				LD_RUNPATH_SEARCH_PATHS = (
					"$(inherited)",
					"@executable_path/../../Frameworks",
					"@executable_path/Frameworks",
				);
				MARKETING_VERSION = 1.0;
				PRODUCT_BUNDLE_IDENTIFIER = com.Aulia.safeOne.NotificationService;
				PRODUCT_NAME = "$(TARGET_NAME)";
				SKIP_INSTALL = YES;
				SWIFT_EMIT_LOC_STRINGS = YES;
				SWIFT_VERSION = 5.0;
				TARGETED_DEVICE_FAMILY = "1,2";
			};
			name = Release;
		};
/* End XCBuildConfiguration section */

/* Begin XCConfigurationList section */
		219E09082FBD7FC000118AB9 /* Build configuration list for PBXProject "safeOne" */ = {
			isa = XCConfigurationList;
			buildConfigurations = (
				219E09162FBD7FC100118AB9 /* Debug */,
				219E09172FBD7FC100118AB9 /* Release */,
			);
			defaultConfigurationIsVisible = 0;
			defaultConfigurationName = Release;
		};
		219E09182FBD7FC100118AB9 /* Build configuration list for PBXNativeTarget "HearH" */ = {
			isa = XCConfigurationList;
			buildConfigurations = (
				219E09192FBD7FC100118AB9 /* Debug */,
				219E091A2FBD7FC100118AB9 /* Release */,
			);
			defaultConfigurationIsVisible = 0;
			defaultConfigurationName = Release;
		};
		EE0014002FD040840000D46F /* Build configuration list for PBXNativeTarget "NotificationService" */ = {
			isa = XCConfigurationList;
			buildConfigurations = (
				EE0012002FD040840000D46F /* Debug */,
				EE0013002FD040840000D46F /* Release */,
			);
			defaultConfigurationIsVisible = 0;
			defaultConfigurationName = Release;
		};
/* End XCConfigurationList section */

/* Begin XCRemoteSwiftPackageReference section */
		A142BD002FD040840000D46F /* XCRemoteSwiftPackageReference "AgoraRtcEngine_iOS" */ = {
			isa = XCRemoteSwiftPackageReference;
			repositoryURL = "https://github.com/AgoraIO/AgoraRtcEngine_iOS";
			requirement = {
				kind = upToNextMajorVersion;
				minimumVersion = 4.6.2;
			};
		};
/* End XCRemoteSwiftPackageReference section */

/* Begin XCSwiftPackageProductDependency section */
		A142BD012FD040840000D46F /* AIAEC */ = {
			isa = XCSwiftPackageProductDependency;
			package = A142BD002FD040840000D46F /* XCRemoteSwiftPackageReference "AgoraRtcEngine_iOS" */;
			productName = AIAEC;
		};
		A142BD032FD040840000D46F /* AIAECLL */ = {
			isa = XCSwiftPackageProductDependency;
			package = A142BD002FD040840000D46F /* XCRemoteSwiftPackageReference "AgoraRtcEngine_iOS" */;
			productName = AIAECLL;
		};
		A142BD052FD040840000D46F /* AINS */ = {
			isa = XCSwiftPackageProductDependency;
			package = A142BD002FD040840000D46F /* XCRemoteSwiftPackageReference "AgoraRtcEngine_iOS" */;
			productName = AINS;
		};
		A142BD072FD040840000D46F /* AINSLL */ = {
			isa = XCSwiftPackageProductDependency;
			package = A142BD002FD040840000D46F /* XCRemoteSwiftPackageReference "AgoraRtcEngine_iOS" */;
			productName = AINSLL;
		};
		A142BD092FD040840000D46F /* AudioBeauty */ = {
			isa = XCSwiftPackageProductDependency;
			package = A142BD002FD040840000D46F /* XCRemoteSwiftPackageReference "AgoraRtcEngine_iOS" */;
			productName = AudioBeauty;
		};
		A142BD0B2FD040840000D46F /* ClearVision */ = {
			isa = XCSwiftPackageProductDependency;
			package = A142BD002FD040840000D46F /* XCRemoteSwiftPackageReference "AgoraRtcEngine_iOS" */;
			productName = ClearVision;
		};
		A142BD0D2FD040840000D46F /* ContentInspect */ = {
			isa = XCSwiftPackageProductDependency;
			package = A142BD002FD040840000D46F /* XCRemoteSwiftPackageReference "AgoraRtcEngine_iOS" */;
			productName = ContentInspect;
		};
		A142BD0F2FD040840000D46F /* FaceCapture */ = {
			isa = XCSwiftPackageProductDependency;
			package = A142BD002FD040840000D46F /* XCRemoteSwiftPackageReference "AgoraRtcEngine_iOS" */;
			productName = FaceCapture;
		};
		A142BD112FD040840000D46F /* FaceDetection */ = {
			isa = XCSwiftPackageProductDependency;
			package = A142BD002FD040840000D46F /* XCRemoteSwiftPackageReference "AgoraRtcEngine_iOS" */;
			productName = FaceDetection;
		};
		A142BD132FD040840000D46F /* LipSync */ = {
			isa = XCSwiftPackageProductDependency;
			package = A142BD002FD040840000D46F /* XCRemoteSwiftPackageReference "AgoraRtcEngine_iOS" */;
			productName = LipSync;
		};
		A142BD152FD040840000D46F /* ReplayKit */ = {
			isa = XCSwiftPackageProductDependency;
			package = A142BD002FD040840000D46F /* XCRemoteSwiftPackageReference "AgoraRtcEngine_iOS" */;
			productName = ReplayKit;
		};
		A142BD172FD040840000D46F /* RtcBasic */ = {
			isa = XCSwiftPackageProductDependency;
			package = A142BD002FD040840000D46F /* XCRemoteSwiftPackageReference "AgoraRtcEngine_iOS" */;
			productName = RtcBasic;
		};
		A142BD192FD040840000D46F /* SpatialAudio */ = {
			isa = XCSwiftPackageProductDependency;
			package = A142BD002FD040840000D46F /* XCRemoteSwiftPackageReference "AgoraRtcEngine_iOS" */;
			productName = SpatialAudio;
		};
		A142BD1B2FD040840000D46F /* VQA */ = {
			isa = XCSwiftPackageProductDependency;
			package = A142BD002FD040840000D46F /* XCRemoteSwiftPackageReference "AgoraRtcEngine_iOS" */;
			productName = VQA;
		};
		A142BD1D2FD040840000D46F /* VideoAv1CodecEnc */ = {
			isa = XCSwiftPackageProductDependency;
			package = A142BD002FD040840000D46F /* XCRemoteSwiftPackageReference "AgoraRtcEngine_iOS" */;
			productName = VideoAv1CodecEnc;
		};
		A142BD1F2FD040840000D46F /* VideoCodecEnc */ = {
			isa = XCSwiftPackageProductDependency;
			package = A142BD002FD040840000D46F /* XCRemoteSwiftPackageReference "AgoraRtcEngine_iOS" */;
			productName = VideoCodecEnc;
		};
		A142BD212FD040840000D46F /* VirtualBackground */ = {
			isa = XCSwiftPackageProductDependency;
			package = A142BD002FD040840000D46F /* XCRemoteSwiftPackageReference "AgoraRtcEngine_iOS" */;
			productName = VirtualBackground;
		};
/* End XCSwiftPackageProductDependency section */
	};
	rootObject = 219E09052FBD7FC000118AB9 /* Project object */;
}
